
Microsoft Visual Studio Solution File, Format Version 12.00
# Visual Studio 14
VisualStudioVersion = 14.0.25420.1
MinimumVisualStudioVersion = 10.0.40219.1
Project("{FAE04EC0-301F-11D3-BF4B-00C04F79EFBC}") = "Project3", "Project3\Project3.csproj", "{F8834982-81C2-4DF8-B8D2-3E2BDC90A344}"
EndProject
Project("{2150E333-8FDC-42A3-9474-1A3956D46DE8}") = "Solution Items", "Solution Items", "{3842617A-6D6A-4B8E-B63D-8E1011B5A873}"
	ProjectSection(SolutionItems) = preProject
		icon.png = icon.png
	EndProjectSection
EndProject
Global
	GlobalSection(SolutionConfigurationPlatforms) = preSolution
		Debug|Any CPU = Debug|Any CPU
		Release|Any CPU = Release|Any CPU
	EndGlobalSection
	GlobalSection(ProjectConfigurationPlatforms) = postSolution
		{F8834982-81C2-4DF8-B8D2-3E2BDC90A344}.Debug|Any CPU.ActiveCfg = Debug|Any CPU
		{F8834982-81C2-4DF8-B8D2-3E2BDC90A344}.Debug|Any CPU.Build.0 = Debug|Any CPU
		{F8834982-81C2-4DF8-B8D2-3E2BDC90A344}.Release|Any CPU.ActiveCfg = Release|Any CPU
		{F8834982-81C2-4DF8-B8D2-3E2BDC90A344}.Release|Any CPU.Build.0 = Release|Any CPU
	EndGlobalSection
	GlobalSection(SolutionProperties) = preSolution
		HideSolutionNode = FALSE
	EndGlobalSection
EndGlobal
